
Microsoft Visual Studio Solution File, Format Version 12.00
# Visual Studio 15
VisualStudioVersion = 15.0.27004.2002
MinimumVisualStudioVersion = 10.0.40219.1
Project("{FAE04EC0-301F-11D3-BF4B-00C04F79EFBC}") = "RightpointLabs.ConferenceRoom.Web", "Web\RightpointLabs.ConferenceRoom.Web.csproj", "{D542CB1E-F9B0-4E2D-920D-7D0909FDDC2A}"
EndProject
Project("{FAE04EC0-301F-11D3-BF4B-00C04F79EFBC}") = "RightpointLabs.ConferenceRoom.Domain", "Domain\RightpointLabs.ConferenceRoom.Domain.csproj", "{AD5CB851-8AAD-4C68-832C-810E2C383EA6}"
EndProject
Project("{FAE04EC0-301F-11D3-BF4B-00C04F79EFBC}") = "RightpointLabs.ConferenceRoom.Infrastructure", "Infrastructure\RightpointLabs.ConferenceRoom.Infrastructure.csproj", "{30948D84-111A-44B7-9FEE-3513CEA6FE3E}"
EndProject
Project("{2150E333-8FDC-42A3-9474-1A3956D46DE8}") = "Solution Items", "Solution Items", "{44CCB45C-B227-4812-B59F-A6AFD8444C51}"
EndProject
Project("{FAE04EC0-301F-11D3-BF4B-00C04F79EFBC}") = "RightpointLabs.ConferenceRoom.Functions", "Functions\RightpointLabs.ConferenceRoom.Functions.csproj", "{466B71C0-1DD4-41F7-807E-F617EAA162F4}"
EndProject
Project("{9A19103F-16F7-4668-BE54-9A1E7A4F7556}") = "RightpointLabs.ConferenceRoom.Bot", "Bot\RightpointLabs.ConferenceRoom.Bot.csproj", "{49E8535C-1595-4AC5-88C8-FFDE78A2B4D1}"
EndProject
Project("{9A19103F-16F7-4668-BE54-9A1E7A4F7556}") = "RightpointLabs.BotLib", "bot-lib\RightpointLabs.BotLib\RightpointLabs.BotLib.csproj", "{899B92E5-EDFD-4229-B46F-30D9B25677E5}"
EndProject
Project("{2150E333-8FDC-42A3-9474-1A3956D46DE8}") = "Shared Projects", "Shared Projects", "{8B09C5E9-78B0-4C4F-B088-2390BE28D31E}"
EndProject
Project("{FAE04EC0-301F-11D3-BF4B-00C04F79EFBC}") = "Shared.Repository", "Shared.Repository\Shared.Repository.csproj", "{439466BA-DA49-4301-BB35-69AB93A888EA}"
EndProject
Project("{FAE04EC0-301F-11D3-BF4B-00C04F79EFBC}") = "Shared", "Shared\Shared.csproj", "{2790CB87-6676-41F2-8501-D47AA6CDB8CA}"
EndProject
Project("{FAE04EC0-301F-11D3-BF4B-00C04F79EFBC}") = "OrganizationService", "OrganizationService\OrganizationService.csproj", "{53E7187B-28C1-412D-B784-A3A654D5C11A}"
EndProject
Project("{2150E333-8FDC-42A3-9474-1A3956D46DE8}") = "Data Services", "Data Services", "{E393CEB5-1888-4A85-BD16-084FD8009CF4}"
EndProject
Project("{FAE04EC0-301F-11D3-BF4B-00C04F79EFBC}") = "BuildingService", "BuildingService\BuildingService.csproj", "{A3783079-D975-4F79-BC1D-521A99249C3E}"
EndProject
Global
	GlobalSection(SolutionConfigurationPlatforms) = preSolution
		Debug|Any CPU = Debug|Any CPU
		Debug|x64 = Debug|x64
		Release|Any CPU = Release|Any CPU
		Release|x64 = Release|x64
	EndGlobalSection
	GlobalSection(ProjectConfigurationPlatforms) = postSolution
		{D542CB1E-F9B0-4E2D-920D-7D0909FDDC2A}.Debug|Any CPU.ActiveCfg = Debug|Any CPU
		{D542CB1E-F9B0-4E2D-920D-7D0909FDDC2A}.Debug|Any CPU.Build.0 = Debug|Any CPU
		{D542CB1E-F9B0-4E2D-920D-7D0909FDDC2A}.Debug|x64.ActiveCfg = Debug|x64
		{D542CB1E-F9B0-4E2D-920D-7D0909FDDC2A}.Debug|x64.Build.0 = Debug|x64
		{D542CB1E-F9B0-4E2D-920D-7D0909FDDC2A}.Release|Any CPU.ActiveCfg = Release|Any CPU
		{D542CB1E-F9B0-4E2D-920D-7D0909FDDC2A}.Release|Any CPU.Build.0 = Release|Any CPU
		{D542CB1E-F9B0-4E2D-920D-7D0909FDDC2A}.Release|x64.ActiveCfg = Release|x64
		{D542CB1E-F9B0-4E2D-920D-7D0909FDDC2A}.Release|x64.Build.0 = Release|x64
		{AD5CB851-8AAD-4C68-832C-810E2C383EA6}.Debug|Any CPU.ActiveCfg = Debug|Any CPU
		{AD5CB851-8AAD-4C68-832C-810E2C383EA6}.Debug|Any CPU.Build.0 = Debug|Any CPU
		{AD5CB851-8AAD-4C68-832C-810E2C383EA6}.Debug|x64.ActiveCfg = Debug|x64
		{AD5CB851-8AAD-4C68-832C-810E2C383EA6}.Debug|x64.Build.0 = Debug|x64
		{AD5CB851-8AAD-4C68-832C-810E2C383EA6}.Release|Any CPU.ActiveCfg = Release|Any CPU
		{AD5CB851-8AAD-4C68-832C-810E2C383EA6}.Release|Any CPU.Build.0 = Release|Any CPU
		{AD5CB851-8AAD-4C68-832C-810E2C383EA6}.Release|x64.ActiveCfg = Release|x64
		{AD5CB851-8AAD-4C68-832C-810E2C383EA6}.Release|x64.Build.0 = Release|x64
		{30948D84-111A-44B7-9FEE-3513CEA6FE3E}.Debug|Any CPU.ActiveCfg = Debug|Any CPU
		{30948D84-111A-44B7-9FEE-3513CEA6FE3E}.Debug|Any CPU.Build.0 = Debug|Any CPU
		{30948D84-111A-44B7-9FEE-3513CEA6FE3E}.Debug|x64.ActiveCfg = Debug|x64
		{30948D84-111A-44B7-9FEE-3513CEA6FE3E}.Debug|x64.Build.0 = Debug|x64
		{30948D84-111A-44B7-9FEE-3513CEA6FE3E}.Release|Any CPU.ActiveCfg = Release|Any CPU
		{30948D84-111A-44B7-9FEE-3513CEA6FE3E}.Release|Any CPU.Build.0 = Release|Any CPU
		{30948D84-111A-44B7-9FEE-3513CEA6FE3E}.Release|x64.ActiveCfg = Release|x64
		{30948D84-111A-44B7-9FEE-3513CEA6FE3E}.Release|x64.Build.0 = Release|x64
		{466B71C0-1DD4-41F7-807E-F617EAA162F4}.Debug|Any CPU.ActiveCfg = Debug|Any CPU
		{466B71C0-1DD4-41F7-807E-F617EAA162F4}.Debug|Any CPU.Build.0 = Debug|Any CPU
		{466B71C0-1DD4-41F7-807E-F617EAA162F4}.Debug|x64.ActiveCfg = Debug|Any CPU
		{466B71C0-1DD4-41F7-807E-F617EAA162F4}.Debug|x64.Build.0 = Debug|Any CPU
		{466B71C0-1DD4-41F7-807E-F617EAA162F4}.Release|Any CPU.ActiveCfg = Release|Any CPU
		{466B71C0-1DD4-41F7-807E-F617EAA162F4}.Release|Any CPU.Build.0 = Release|Any CPU
		{466B71C0-1DD4-41F7-807E-F617EAA162F4}.Release|x64.ActiveCfg = Release|Any CPU
		{466B71C0-1DD4-41F7-807E-F617EAA162F4}.Release|x64.Build.0 = Release|Any CPU
		{49E8535C-1595-4AC5-88C8-FFDE78A2B4D1}.Debug|Any CPU.ActiveCfg = Debug|Any CPU
		{49E8535C-1595-4AC5-88C8-FFDE78A2B4D1}.Debug|Any CPU.Build.0 = Debug|Any CPU
		{49E8535C-1595-4AC5-88C8-FFDE78A2B4D1}.Debug|x64.ActiveCfg = Debug|Any CPU
		{49E8535C-1595-4AC5-88C8-FFDE78A2B4D1}.Debug|x64.Build.0 = Debug|Any CPU
		{49E8535C-1595-4AC5-88C8-FFDE78A2B4D1}.Release|Any CPU.ActiveCfg = Release|Any CPU
		{49E8535C-1595-4AC5-88C8-FFDE78A2B4D1}.Release|Any CPU.Build.0 = Release|Any CPU
		{49E8535C-1595-4AC5-88C8-FFDE78A2B4D1}.Release|x64.ActiveCfg = Release|Any CPU
		{49E8535C-1595-4AC5-88C8-FFDE78A2B4D1}.Release|x64.Build.0 = Release|Any CPU
		{899B92E5-EDFD-4229-B46F-30D9B25677E5}.Debug|Any CPU.ActiveCfg = Debug|Any CPU
		{899B92E5-EDFD-4229-B46F-30D9B25677E5}.Debug|Any CPU.Build.0 = Debug|Any CPU
		{899B92E5-EDFD-4229-B46F-30D9B25677E5}.Debug|x64.ActiveCfg = Debug|Any CPU
		{899B92E5-EDFD-4229-B46F-30D9B25677E5}.Debug|x64.Build.0 = Debug|Any CPU
		{899B92E5-EDFD-4229-B46F-30D9B25677E5}.Release|Any CPU.ActiveCfg = Release|Any CPU
		{899B92E5-EDFD-4229-B46F-30D9B25677E5}.Release|Any CPU.Build.0 = Release|Any CPU
		{899B92E5-EDFD-4229-B46F-30D9B25677E5}.Release|x64.ActiveCfg = Release|Any CPU
		{899B92E5-EDFD-4229-B46F-30D9B25677E5}.Release|x64.Build.0 = Release|Any CPU
		{439466BA-DA49-4301-BB35-69AB93A888EA}.Debug|Any CPU.ActiveCfg = Debug|Any CPU
		{439466BA-DA49-4301-BB35-69AB93A888EA}.Debug|Any CPU.Build.0 = Debug|Any CPU
		{439466BA-DA49-4301-BB35-69AB93A888EA}.Debug|x64.ActiveCfg = Debug|Any CPU
		{439466BA-DA49-4301-BB35-69AB93A888EA}.Debug|x64.Build.0 = Debug|Any CPU
		{439466BA-DA49-4301-BB35-69AB93A888EA}.Release|Any CPU.ActiveCfg = Release|Any CPU
		{439466BA-DA49-4301-BB35-69AB93A888EA}.Release|Any CPU.Build.0 = Release|Any CPU
		{439466BA-DA49-4301-BB35-69AB93A888EA}.Release|x64.ActiveCfg = Release|Any CPU
		{439466BA-DA49-4301-BB35-69AB93A888EA}.Release|x64.Build.0 = Release|Any CPU
		{2790CB87-6676-41F2-8501-D47AA6CDB8CA}.Debug|Any CPU.ActiveCfg = Debug|Any CPU
		{2790CB87-6676-41F2-8501-D47AA6CDB8CA}.Debug|Any CPU.Build.0 = Debug|Any CPU
		{2790CB87-6676-41F2-8501-D47AA6CDB8CA}.Debug|x64.ActiveCfg = Debug|Any CPU
		{2790CB87-6676-41F2-8501-D47AA6CDB8CA}.Debug|x64.Build.0 = Debug|Any CPU
		{2790CB87-6676-41F2-8501-D47AA6CDB8CA}.Release|Any CPU.ActiveCfg = Release|Any CPU
		{2790CB87-6676-41F2-8501-D47AA6CDB8CA}.Release|Any CPU.Build.0 = Release|Any CPU
		{2790CB87-6676-41F2-8501-D47AA6CDB8CA}.Release|x64.ActiveCfg = Release|Any CPU
		{2790CB87-6676-41F2-8501-D47AA6CDB8CA}.Release|x64.Build.0 = Release|Any CPU
		{53E7187B-28C1-412D-B784-A3A654D5C11A}.Debug|Any CPU.ActiveCfg = Debug|Any CPU
		{53E7187B-28C1-412D-B784-A3A654D5C11A}.Debug|Any CPU.Build.0 = Debug|Any CPU
		{53E7187B-28C1-412D-B784-A3A654D5C11A}.Debug|x64.ActiveCfg = Debug|Any CPU
		{53E7187B-28C1-412D-B784-A3A654D5C11A}.Debug|x64.Build.0 = Debug|Any CPU
		{53E7187B-28C1-412D-B784-A3A654D5C11A}.Release|Any CPU.ActiveCfg = Release|Any CPU
		{53E7187B-28C1-412D-B784-A3A654D5C11A}.Release|Any CPU.Build.0 = Release|Any CPU
		{53E7187B-28C1-412D-B784-A3A654D5C11A}.Release|x64.ActiveCfg = Release|Any CPU
		{53E7187B-28C1-412D-B784-A3A654D5C11A}.Release|x64.Build.0 = Release|Any CPU
		{A3783079-D975-4F79-BC1D-521A99249C3E}.Debug|Any CPU.ActiveCfg = Debug|Any CPU
		{A3783079-D975-4F79-BC1D-521A99249C3E}.Debug|Any CPU.Build.0 = Debug|Any CPU
		{A3783079-D975-4F79-BC1D-521A99249C3E}.Debug|x64.ActiveCfg = Debug|Any CPU
		{A3783079-D975-4F79-BC1D-521A99249C3E}.Debug|x64.Build.0 = Debug|Any CPU
		{A3783079-D975-4F79-BC1D-521A99249C3E}.Release|Any CPU.ActiveCfg = Release|Any CPU
		{A3783079-D975-4F79-BC1D-521A99249C3E}.Release|Any CPU.Build.0 = Release|Any CPU
		{A3783079-D975-4F79-BC1D-521A99249C3E}.Release|x64.ActiveCfg = Release|Any CPU
		{A3783079-D975-4F79-BC1D-521A99249C3E}.Release|x64.Build.0 = Release|Any CPU
	EndGlobalSection
	GlobalSection(SolutionProperties) = preSolution
		HideSolutionNode = FALSE
	EndGlobalSection
	GlobalSection(NestedProjects) = preSolution
		{439466BA-DA49-4301-BB35-69AB93A888EA} = {8B09C5E9-78B0-4C4F-B088-2390BE28D31E}
		{2790CB87-6676-41F2-8501-D47AA6CDB8CA} = {8B09C5E9-78B0-4C4F-B088-2390BE28D31E}
		{53E7187B-28C1-412D-B784-A3A654D5C11A} = {E393CEB5-1888-4A85-BD16-084FD8009CF4}
		{A3783079-D975-4F79-BC1D-521A99249C3E} = {E393CEB5-1888-4A85-BD16-084FD8009CF4}
	EndGlobalSection
	GlobalSection(ExtensibilityGlobals) = postSolution
		SolutionGuid = {880CB593-93E2-440E-9179-406E1C0D3750}
	EndGlobalSection
EndGlobal
