
Microsoft Visual Studio Solution File, Format Version 12.00
# Visual Studio 2013
VisualStudioVersion = 12.0.31101.0
MinimumVisualStudioVersion = 10.0.40219.1
Project("{FAE04EC0-301F-11D3-BF4B-00C04F79EFBC}") = "RightpointLabs.ConferenceRoom.Services", "RightpointLabs.ConferenceRoom.Services\RightpointLabs.ConferenceRoom.Services.csproj", "{D542CB1E-F9B0-4E2D-920D-7D0909FDDC2A}"
EndProject
Global
	GlobalSection(SolutionConfigurationPlatforms) = preSolution
		Debug|Any CPU = Debug|Any CPU
		Release|Any CPU = Release|Any CPU
	EndGlobalSection
	GlobalSection(ProjectConfigurationPlatforms) = postSolution
		{D542CB1E-F9B0-4E2D-920D-7D0909FDDC2A}.Debug|Any CPU.ActiveCfg = Debug|Any CPU
		{D542CB1E-F9B0-4E2D-920D-7D0909FDDC2A}.Debug|Any CPU.Build.0 = Debug|Any CPU
		{D542CB1E-F9B0-4E2D-920D-7D0909FDDC2A}.Release|Any CPU.ActiveCfg = Release|Any CPU
		{D542CB1E-F9B0-4E2D-920D-7D0909FDDC2A}.Release|Any CPU.Build.0 = Release|Any CPU
	EndGlobalSection
	GlobalSection(SolutionProperties) = preSolution
		HideSolutionNode = FALSE
	EndGlobalSection
EndGlobal
